// !$*UTF8*$!
{
	archiveVersion = 1;
	classes = {
	};
	objectVersion = 46;
	objects = {

/* Begin PBXBuildFile section */
		13731CB41B65D4CF00A8E83B /* Images.xcassets in Resources */ = {isa = PBXBuildFile; fileRef = 13731CB31B65D4CF00A8E83B /* Images.xcassets */; };
		137772551B5D5FD7006DFC71 /* AppDelegate.swift in Sources */ = {isa = PBXBuildFile; fileRef = 137772541B5D5FD7006DFC71 /* AppDelegate.swift */; };
		137772571B5D5FD7006DFC71 /* ViewController.swift in Sources */ = {isa = PBXBuildFile; fileRef = 137772561B5D5FD7006DFC71 /* ViewController.swift */; };
		1377725A1B5D5FD7006DFC71 /* Main.storyboard in Resources */ = {isa = PBXBuildFile; fileRef = 137772581B5D5FD7006DFC71 /* Main.storyboard */; };
		1377725F1B5D5FD7006DFC71 /* LaunchScreen.xib in Resources */ = {isa = PBXBuildFile; fileRef = 1377725D1B5D5FD7006DFC71 /* LaunchScreen.xib */; };
		1377726B1B5D5FD7006DFC71 /* First_GeoTests.swift in Sources */ = {isa = PBXBuildFile; fileRef = 1377726A1B5D5FD7006DFC71 /* First_GeoTests.swift */; };
		137772751B5D67B0006DFC71 /* CoreLocation.framework in Frameworks */ = {isa = PBXBuildFile; fileRef = 137772741B5D67B0006DFC71 /* CoreLocation.framework */; };
/* End PBXBuildFile section */

/* Begin PBXContainerItemProxy section */
		137772651B5D5FD7006DFC71 /* PBXContainerItemProxy */ = {
			isa = PBXContainerItemProxy;
			containerPortal = 137772471B5D5FD7006DFC71 /* Project object */;
			proxyType = 1;
			remoteGlobalIDString = 1377724E1B5D5FD7006DFC71;
			remoteInfo = "First Geo";
		};
/* End PBXContainerItemProxy section */

/* Begin PBXFileReference section */
		13731CB31B65D4CF00A8E83B /* Images.xcassets */ = {isa = PBXFileReference; lastKnownFileType = folder.assetcatalog; name = Images.xcassets; path = ../Images.xcassets; sourceTree = "<group>"; };
		1377724F1B5D5FD7006DFC71 /* First Geo.app */ = {isa = PBXFileReference; explicitFileType = wrapper.application; includeInIndex = 0; path = "First Geo.app"; sourceTree = BUILT_PRODUCTS_DIR; };
		137772531B5D5FD7006DFC71 /* Info.plist */ = {isa = PBXFileReference; lastKnownFileType = text.plist.xml; path = Info.plist; sourceTree = "<group>"; };
		137772541B5D5FD7006DFC71 /* AppDelegate.swift */ = {isa = PBXFileReference; lastKnownFileType = sourcecode.swift; path = AppDelegate.swift; sourceTree = "<group>"; };
		137772561B5D5FD7006DFC71 /* ViewController.swift */ = {isa = PBXFileReference; lastKnownFileType = sourcecode.swift; path = ViewController.swift; sourceTree = "<group>"; };
		137772591B5D5FD7006DFC71 /* Base */ = {isa = PBXFileReference; lastKnownFileType = file.storyboard; name = Base; path = Base.lproj/Main.storyboard; sourceTree = "<group>"; };
		1377725E1B5D5FD7006DFC71 /* Base */ = {isa = PBXFileReference; lastKnownFileType = file.xib; name = Base; path = Base.lproj/LaunchScreen.xib; sourceTree = "<group>"; };
		137772641B5D5FD7006DFC71 /* First GeoTests.xctest */ = {isa = PBXFileReference; explicitFileType = wrapper.cfbundle; includeInIndex = 0; path = "First GeoTests.xctest"; sourceTree = BUILT_PRODUCTS_DIR; };
		137772691B5D5FD7006DFC71 /* Info.plist */ = {isa = PBXFileReference; lastKnownFileType = text.plist.xml; path = Info.plist; sourceTree = "<group>"; };
		1377726A1B5D5FD7006DFC71 /* First_GeoTests.swift */ = {isa = PBXFileReference; lastKnownFileType = sourcecode.swift; path = First_GeoTests.swift; sourceTree = "<group>"; };
		137772741B5D67B0006DFC71 /* CoreLocation.framework */ = {isa = PBXFileReference; lastKnownFileType = wrapper.framework; name = CoreLocation.framework; path = System/Library/Frameworks/CoreLocation.framework; sourceTree = SDKROOT; };
/* End PBXFileReference section */

/* Begin PBXFrameworksBuildPhase section */
		1377724C1B5D5FD7006DFC71 /* Frameworks */ = {
			isa = PBXFrameworksBuildPhase;
			buildActionMask = 2147483647;
			files = (
				137772751B5D67B0006DFC71 /* CoreLocation.framework in Frameworks */,
			);
			runOnlyForDeploymentPostprocessing = 0;
		};
		137772611B5D5FD7006DFC71 /* Frameworks */ = {
			isa = PBXFrameworksBuildPhase;
			buildActionMask = 2147483647;
			files = (
			);
			runOnlyForDeploymentPostprocessing = 0;
		};
/* End PBXFrameworksBuildPhase section */

/* Begin PBXGroup section */
		137772461B5D5FD7006DFC71 = {
			isa = PBXGroup;
			children = (
				137772741B5D67B0006DFC71 /* CoreLocation.framework */,
				137772511B5D5FD7006DFC71 /* First Geo */,
				137772671B5D5FD7006DFC71 /* First GeoTests */,
				137772501B5D5FD7006DFC71 /* Products */,
			);
			sourceTree = "<group>";
		};
		137772501B5D5FD7006DFC71 /* Products */ = {
			isa = PBXGroup;
			children = (
				1377724F1B5D5FD7006DFC71 /* First Geo.app */,
				137772641B5D5FD7006DFC71 /* First GeoTests.xctest */,
			);
			name = Products;
			sourceTree = "<group>";
		};
		137772511B5D5FD7006DFC71 /* First Geo */ = {
			isa = PBXGroup;
			children = (
				137772541B5D5FD7006DFC71 /* AppDelegate.swift */,
				137772561B5D5FD7006DFC71 /* ViewController.swift */,
				137772581B5D5FD7006DFC71 /* Main.storyboard */,
				1377725D1B5D5FD7006DFC71 /* LaunchScreen.xib */,
				13731CB31B65D4CF00A8E83B /* Images.xcassets */,
				137772521B5D5FD7006DFC71 /* Supporting Files */,
			);
			path = "First Geo";
			sourceTree = "<group>";
		};
		137772521B5D5FD7006DFC71 /* Supporting Files */ = {
			isa = PBXGroup;
			children = (
				137772531B5D5FD7006DFC71 /* Info.plist */,
			);
			name = "Supporting Files";
			sourceTree = "<group>";
		};
		137772671B5D5FD7006DFC71 /* First GeoTests */ = {
			isa = PBXGroup;
			children = (
				1377726A1B5D5FD7006DFC71 /* First_GeoTests.swift */,
				137772681B5D5FD7006DFC71 /* Supporting Files */,
			);
			path = "First GeoTests";
			sourceTree = "<group>";
		};
		137772681B5D5FD7006DFC71 /* Supporting Files */ = {
			isa = PBXGroup;
			children = (
				137772691B5D5FD7006DFC71 /* Info.plist */,
			);
			name = "Supporting Files";
			sourceTree = "<group>";
		};
/* End PBXGroup section */

/* Begin PBXNativeTarget section */
		1377724E1B5D5FD7006DFC71 /* First Geo */ = {
			isa = PBXNativeTarget;
			buildConfigurationList = 1377726E1B5D5FD7006DFC71 /* Build configuration list for PBXNativeTarget "First Geo" */;
			buildPhases = (
				1377724B1B5D5FD7006DFC71 /* Sources */,
				1377724C1B5D5FD7006DFC71 /* Frameworks */,
				1377724D1B5D5FD7006DFC71 /* Resources */,
			);
			buildRules = (
			);
			dependencies = (
			);
			name = "First Geo";
			productName = "First Geo";
			productReference = 1377724F1B5D5FD7006DFC71 /* First Geo.app */;
			productType = "com.apple.product-type.application";
		};
		137772631B5D5FD7006DFC71 /* First GeoTests */ = {
			isa = PBXNativeTarget;
			buildConfigurationList = 137772711B5D5FD7006DFC71 /* Build configuration list for PBXNativeTarget "First GeoTests" */;
			buildPhases = (
				137772601B5D5FD7006DFC71 /* Sources */,
				137772611B5D5FD7006DFC71 /* Frameworks */,
				137772621B5D5FD7006DFC71 /* Resources */,
			);
			buildRules = (
			);
			dependencies = (
				137772661B5D5FD7006DFC71 /* PBXTargetDependency */,
			);
			name = "First GeoTests";
			productName = "First GeoTests";
			productReference = 137772641B5D5FD7006DFC71 /* First GeoTests.xctest */;
			productType = "com.apple.product-type.bundle.unit-test";
		};
/* End PBXNativeTarget section */

/* Begin PBXProject section */
		137772471B5D5FD7006DFC71 /* Project object */ = {
			isa = PBXProject;
			attributes = {
				LastUpgradeCheck = 0640;
				ORGANIZATIONNAME = "Dr Matty G";
				TargetAttributes = {
					1377724E1B5D5FD7006DFC71 = {
						CreatedOnToolsVersion = 6.4;
						DevelopmentTeam = Y2FJ35RD9K;
					};
					137772631B5D5FD7006DFC71 = {
						CreatedOnToolsVersion = 6.4;
						TestTargetID = 1377724E1B5D5FD7006DFC71;
					};
				};
			};
			buildConfigurationList = 1377724A1B5D5FD7006DFC71 /* Build configuration list for PBXProject "First Geo" */;
			compatibilityVersion = "Xcode 3.2";
			developmentRegion = English;
			hasScannedForEncodings = 0;
			knownRegions = (
				en,
				Base,
			);
			mainGroup = 137772461B5D5FD7006DFC71;
			productRefGroup = 137772501B5D5FD7006DFC71 /* Products */;
			projectDirPath = "";
			projectRoot = "";
			targets = (
				1377724E1B5D5FD7006DFC71 /* First Geo */,
				137772631B5D5FD7006DFC71 /* First GeoTests */,
			);
		};
/* End PBXProject section */

/* Begin PBXResourcesBuildPhase section */
		1377724D1B5D5FD7006DFC71 /* Resources */ = {
			isa = PBXResourcesBuildPhase;
			buildActionMask = 2147483647;
			files = (
				13731CB41B65D4CF00A8E83B /* Images.xcassets in Resources */,
				1377725A1B5D5FD7006DFC71 /* Main.storyboard in Resources */,
				1377725F1B5D5FD7006DFC71 /* LaunchScreen.xib in Resources */,
			);
			runOnlyForDeploymentPostprocessing = 0;
		};
		137772621B5D5FD7006DFC71 /* Resources */ = {
			isa = PBXResourcesBuildPhase;
			buildActionMask = 2147483647;
			files = (
			);
			runOnlyForDeploymentPostprocessing = 0;
		};
/* End PBXResourcesBuildPhase section */

/* Begin PBXSourcesBuildPhase section */
		1377724B1B5D5FD7006DFC71 /* Sources */ = {
			isa = PBXSourcesBuildPhase;
			buildActionMask = 2147483647;
			files = (
				137772571B5D5FD7006DFC71 /* ViewController.swift in Sources */,
				137772551B5D5FD7006DFC71 /* AppDelegate.swift in Sources */,
			);
			runOnlyForDeploymentPostprocessing = 0;
		};
		137772601B5D5FD7006DFC71 /* Sources */ = {
			isa = PBXSourcesBuildPhase;
			buildActionMask = 2147483647;
			files = (
				1377726B1B5D5FD7006DFC71 /* First_GeoTests.swift in Sources */,
			);
			runOnlyForDeploymentPostprocessing = 0;
		};
/* End PBXSourcesBuildPhase section */

/* Begin PBXTargetDependency section */
		137772661B5D5FD7006DFC71 /* PBXTargetDependency */ = {
			isa = PBXTargetDependency;
			target = 1377724E1B5D5FD7006DFC71 /* First Geo */;
			targetProxy = 137772651B5D5FD7006DFC71 /* PBXContainerItemProxy */;
		};
/* End PBXTargetDependency section */

/* Begin PBXVariantGroup section */
		137772581B5D5FD7006DFC71 /* Main.storyboard */ = {
			isa = PBXVariantGroup;
			children = (
				137772591B5D5FD7006DFC71 /* Base */,
			);
			name = Main.storyboard;
			sourceTree = "<group>";
		};
		1377725D1B5D5FD7006DFC71 /* LaunchScreen.xib */ = {
			isa = PBXVariantGroup;
			children = (
				1377725E1B5D5FD7006DFC71 /* Base */,
			);
			name = LaunchScreen.xib;
			sourceTree = "<group>";
		};
/* End PBXVariantGroup section */

/* Begin XCBuildConfiguration section */
		1377726C1B5D5FD7006DFC71 /* Debug */ = {
			isa = XCBuildConfiguration;
			buildSettings = {
				ALWAYS_SEARCH_USER_PATHS = NO;
				CLANG_CXX_LANGUAGE_STANDARD = "gnu++0x";
				CLANG_CXX_LIBRARY = "libc++";
				CLANG_ENABLE_MODULES = YES;
				CLANG_ENABLE_OBJC_ARC = YES;
				CLANG_WARN_BOOL_CONVERSION = YES;
				CLANG_WARN_CONSTANT_CONVERSION = YES;
				CLANG_WARN_DIRECT_OBJC_ISA_USAGE = YES_ERROR;
				CLANG_WARN_EMPTY_BODY = YES;
				CLANG_WARN_ENUM_CONVERSION = YES;
				CLANG_WARN_INT_CONVERSION = YES;
				CLANG_WARN_OBJC_ROOT_CLASS = YES_ERROR;
				CLANG_WARN_UNREACHABLE_CODE = YES;
				CLANG_WARN__DUPLICATE_METHOD_MATCH = YES;
				"CODE_SIGN_IDENTITY[sdk=iphoneos*]" = "iPhone Developer";
				COPY_PHASE_STRIP = NO;
				DEBUG_INFORMATION_FORMAT = "dwarf-with-dsym";
				ENABLE_STRICT_OBJC_MSGSEND = YES;
				GCC_C_LANGUAGE_STANDARD = gnu99;
				GCC_DYNAMIC_NO_PIC = NO;
				GCC_NO_COMMON_BLOCKS = YES;
				GCC_OPTIMIZATION_LEVEL = 0;
				GCC_PREPROCESSOR_DEFINITIONS = (
					"DEBUG=1",
					"$(inherited)",
				);
				GCC_SYMBOLS_PRIVATE_EXTERN = NO;
				GCC_WARN_64_TO_32_BIT_CONVERSION = YES;
				GCC_WARN_ABOUT_RETURN_TYPE = YES_ERROR;
				GCC_WARN_UNDECLARED_SELECTOR = YES;
				GCC_WARN_UNINITIALIZED_AUTOS = YES_AGGRESSIVE;
				GCC_WARN_UNUSED_FUNCTION = YES;
				GCC_WARN_UNUSED_VARIABLE = YES;
				IPHONEOS_DEPLOYMENT_TARGET = 8.4;
				MTL_ENABLE_DEBUG_INFO = YES;
				ONLY_ACTIVE_ARCH = YES;
				SDKROOT = iphoneos;
				SWIFT_OPTIMIZATION_LEVEL = "-Onone";
			};
			name = Debug;
		};
		1377726D1B5D5FD7006DFC71 /* Release */ = {
			isa = XCBuildConfiguration;
			buildSettings = {
				ALWAYS_SEARCH_USER_PATHS = NO;
				CLANG_CXX_LANGUAGE_STANDARD = "gnu++0x";
				CLANG_CXX_LIBRARY = "libc++";
				CLANG_ENABLE_MODULES = YES;
				CLANG_ENABLE_OBJC_ARC = YES;
				CLANG_WARN_BOOL_CONVERSION = YES;
				CLANG_WARN_CONSTANT_CONVERSION = YES;
				CLANG_WARN_DIRECT_OBJC_ISA_USAGE = YES_ERROR;
				CLANG_WARN_EMPTY_BODY = YES;
				CLANG_WARN_ENUM_CONVERSION = YES;
				CLANG_WARN_INT_CONVERSION = YES;
				CLANG_WARN_OBJC_ROOT_CLASS = YES_ERROR;
				CLANG_WARN_UNREACHABLE_CODE = YES;
				CLANG_WARN__DUPLICATE_METHOD_MATCH = YES;
				"CODE_SIGN_IDENTITY[sdk=iphoneos*]" = "iPhone Developer";
				COPY_PHASE_STRIP = NO;
				DEBUG_INFORMATION_FORMAT = "dwarf-with-dsym";
				ENABLE_NS_ASSERTIONS = NO;
				ENABLE_STRICT_OBJC_MSGSEND = YES;
				GCC_C_LANGUAGE_STANDARD = gnu99;
				GCC_NO_COMMON_BLOCKS = YES;
				GCC_WARN_64_TO_32_BIT_CONVERSION = YES;
				GCC_WARN_ABOUT_RETURN_TYPE = YES_ERROR;
				GCC_WARN_UNDECLARED_SELECTOR = YES;
				GCC_WARN_UNINITIALIZED_AUTOS = YES_AGGRESSIVE;
				GCC_WARN_UNUSED_FUNCTION = YES;
				GCC_WARN_UNUSED_VARIABLE = YES;
				IPHONEOS_DEPLOYMENT_TARGET = 8.4;
				MTL_ENABLE_DEBUG_INFO = NO;
				SDKROOT = iphoneos;
				VALIDATE_PRODUCT = YES;
			};
			name = Release;
		};
		1377726F1B5D5FD7006DFC71 /* Debug */ = {
			isa = XCBuildConfiguration;
			buildSettings = {
				ASSETCATALOG_COMPILER_APPICON_NAME = AppIcon;
				CODE_SIGN_IDENTITY = "iPhone Developer";
				"CODE_SIGN_IDENTITY[sdk=iphoneos*]" = "iPhone Developer";
				INFOPLIST_FILE = "First Geo/Info.plist";
				IPHONEOS_DEPLOYMENT_TARGET = 8.2;
				LD_RUNPATH_SEARCH_PATHS = "$(inherited) @executable_path/Frameworks";
				PRODUCT_NAME = "$(TARGET_NAME)";
				PROVISIONING_PROFILE = "";
			};
			name = Debug;
		};
		137772701B5D5FD7006DFC71 /* Release */ = {
			isa = XCBuildConfiguration;
			buildSettings = {
				ASSETCATALOG_COMPILER_APPICON_NAME = AppIcon;
				CODE_SIGN_IDENTITY = "iPhone Developer";
				"CODE_SIGN_IDENTITY[sdk=iphoneos*]" = "iPhone Developer";
				INFOPLIST_FILE = "First Geo/Info.plist";
				IPHONEOS_DEPLOYMENT_TARGET = 8.2;
				LD_RUNPATH_SEARCH_PATHS = "$(inherited) @executable_path/Frameworks";
				PRODUCT_NAME = "$(TARGET_NAME)";
				PROVISIONING_PROFILE = "";
			};
			name = Release;
		};
		137772721B5D5FD7006DFC71 /* Debug */ = {
			isa = XCBuildConfiguration;
			buildSettings = {
				BUNDLE_LOADER = "$(TEST_HOST)";
				FRAMEWORK_SEARCH_PATHS = (
					"$(SDKROOT)/Developer/Library/Frameworks",
					"$(inherited)",
				);
				GCC_PREPROCESSOR_DEFINITIONS = (
					"DEBUG=1",
					"$(inherited)",
				);
				INFOPLIST_FILE = "First GeoTests/Info.plist";
				LD_RUNPATH_SEARCH_PATHS = "$(inherited) @executable_path/Frameworks @loader_path/Frameworks";
				PRODUCT_NAME = "$(TARGET_NAME)";
				TEST_HOST = "$(BUILT_PRODUCTS_DIR)/First Geo.app/First Geo";
			};
			name = Debug;
		};
		137772731B5D5FD7006DFC71 /* Release */ = {
			isa = XCBuildConfiguration;
			buildSettings = {
				BUNDLE_LOADER = "$(TEST_HOST)";
				FRAMEWORK_SEARCH_PATHS = (
					"$(SDKROOT)/Developer/Library/Frameworks",
					"$(inherited)",
				);
				INFOPLIST_FILE = "First GeoTests/Info.plist";
				LD_RUNPATH_SEARCH_PATHS = "$(inherited) @executable_path/Frameworks @loader_path/Frameworks";
				PRODUCT_NAME = "$(TARGET_NAME)";
				TEST_HOST = "$(BUILT_PRODUCTS_DIR)/First Geo.app/First Geo";
			};
			name = Release;
		};
/* End XCBuildConfiguration section */

/* Begin XCConfigurationList section */
		1377724A1B5D5FD7006DFC71 /* Build configuration list for PBXProject "First Geo" */ = {
			isa = XCConfigurationList;
			buildConfigurations = (
				1377726C1B5D5FD7006DFC71 /* Debug */,
				1377726D1B5D5FD7006DFC71 /* Release */,
			);
			defaultConfigurationIsVisible = 0;
			defaultConfigurationName = Release;
		};
		1377726E1B5D5FD7006DFC71 /* Build configuration list for PBXNativeTarget "First Geo" */ = {
			isa = XCConfigurationList;
			buildConfigurations = (
				1377726F1B5D5FD7006DFC71 /* Debug */,
				137772701B5D5FD7006DFC71 /* Release */,
			);
			defaultConfigurationIsVisible = 0;
			defaultConfigurationName = Release;
		};
		137772711B5D5FD7006DFC71 /* Build configuration list for PBXNativeTarget "First GeoTests" */ = {
			isa = XCConfigurationList;
			buildConfigurations = (
				137772721B5D5FD7006DFC71 /* Debug */,
				137772731B5D5FD7006DFC71 /* Release */,
			);
			defaultConfigurationIsVisible = 0;
			defaultConfigurationName = Release;
		};
/* End XCConfigurationList section */
	};
	rootObject = 137772471B5D5FD7006DFC71 /* Project object */;
}
